
Microsoft Visual Studio Solution File, Format Version 12.00
# Visual Studio Version 16
VisualStudioVersion = 16.0.31515.178
MinimumVisualStudioVersion = 10.0.40219.1
Project("{9A19103F-16F7-4668-BE54-9A1E7A4F7556}") = "sabs-pos-test", "sabs-pos-test\sabs-pos-test.csproj", "{11CA04A2-0E96-4F6C-BD3D-B10FF9484C65}"
EndProject
Project("{E53339B2-1760-4266-BCC7-CA923CBCF16C}") = "docker-compose", "docker-compose.dcproj", "{35AF5750-8A28-418F-87F5-3CC44124B9CD}"
EndProject
Global
	GlobalSection(SolutionConfigurationPlatforms) = preSolution
		Debug|Any CPU = Debug|Any CPU
		Release|Any CPU = Release|Any CPU
	EndGlobalSection
	GlobalSection(ProjectConfigurationPlatforms) = postSolution
		{11CA04A2-0E96-4F6C-BD3D-B10FF9484C65}.Debug|Any CPU.ActiveCfg = Debug|Any CPU
		{11CA04A2-0E96-4F6C-BD3D-B10FF9484C65}.Debug|Any CPU.Build.0 = Debug|Any CPU
		{11CA04A2-0E96-4F6C-BD3D-B10FF9484C65}.Release|Any CPU.ActiveCfg = Release|Any CPU
		{11CA04A2-0E96-4F6C-BD3D-B10FF9484C65}.Release|Any CPU.Build.0 = Release|Any CPU
		{35AF5750-8A28-418F-87F5-3CC44124B9CD}.Debug|Any CPU.ActiveCfg = Debug|Any CPU
		{35AF5750-8A28-418F-87F5-3CC44124B9CD}.Debug|Any CPU.Build.0 = Debug|Any CPU
		{35AF5750-8A28-418F-87F5-3CC44124B9CD}.Release|Any CPU.ActiveCfg = Release|Any CPU
		{35AF5750-8A28-418F-87F5-3CC44124B9CD}.Release|Any CPU.Build.0 = Release|Any CPU
	EndGlobalSection
	GlobalSection(SolutionProperties) = preSolution
		HideSolutionNode = FALSE
	EndGlobalSection
	GlobalSection(ExtensibilityGlobals) = postSolution
		SolutionGuid = {F3EDBEF7-E52C-4EE9-BED4-C119E9675A89}
	EndGlobalSection
EndGlobal
