
Microsoft Visual Studio Solution File, Format Version 12.00
# Visual Studio Version 16
VisualStudioVersion = 16.0.31515.178
MinimumVisualStudioVersion = 10.0.40219.1
Project("{FAE04EC0-301F-11D3-BF4B-00C04F79EFBC}") = "sabs-pos-test", "sabs-pos-test\sabs-pos-test.csproj", "{11CA04A2-0E96-4F6C-BD3D-B10FF9484C65}"
EndProject
Global
	GlobalSection(SolutionConfigurationPlatforms) = preSolution
		Debug|Any CPU = Debug|Any CPU
		Release|Any CPU = Release|Any CPU
	EndGlobalSection
	GlobalSection(ProjectConfigurationPlatforms) = postSolution
		{11CA04A2-0E96-4F6C-BD3D-B10FF9484C65}.Debug|Any CPU.ActiveCfg = Debug|Any CPU
		{11CA04A2-0E96-4F6C-BD3D-B10FF9484C65}.Debug|Any CPU.Build.0 = Debug|Any CPU
		{11CA04A2-0E96-4F6C-BD3D-B10FF9484C65}.Release|Any CPU.ActiveCfg = Release|Any CPU
		{11CA04A2-0E96-4F6C-BD3D-B10FF9484C65}.Release|Any CPU.Build.0 = Release|Any CPU
	EndGlobalSection
	GlobalSection(SolutionProperties) = preSolution
		HideSolutionNode = FALSE
	EndGlobalSection
	GlobalSection(ExtensibilityGlobals) = postSolution
		SolutionGuid = {F3EDBEF7-E52C-4EE9-BED4-C119E9675A89}
	EndGlobalSection
EndGlobal
